
Microsoft Visual Studio Solution File, Format Version 12.00
# Visual Studio Version 16
VisualStudioVersion = 16.0.28803.352
MinimumVisualStudioVersion = 10.0.40219.1
Project("{9A19103F-16F7-4668-BE54-9A1E7A4F7556}") = "EFCoreCodeFirstSample", "EFCoreCodeFirstSample\EFCoreCodeFirstSample.csproj", "{5865233C-030C-49E5-B387-09DAD8582FA5}"
EndProject
Project("{2150E333-8FDC-42A3-9474-1A3956D46DE8}") = "API", "API", "{2A1D1A34-07CF-49FA-94DF-7DDFC76A9090}"
EndProject
Project("{2150E333-8FDC-42A3-9474-1A3956D46DE8}") = "Assemblies", "Assemblies", "{479FFA04-EA16-4FF8-9C88-76D168FC8F31}"
EndProject
Project("{FAE04EC0-301F-11D3-BF4B-00C04F79EFBC}") = "Model", "Model\Model.csproj", "{559DCCDD-8650-47AC-8496-E23A243052D0}"
EndProject
Project("{FAE04EC0-301F-11D3-BF4B-00C04F79EFBC}") = "Service", "Service\Service.csproj", "{71C9EC79-0B9C-4822-8572-7A24C100F139}"
EndProject
Project("{2150E333-8FDC-42A3-9474-1A3956D46DE8}") = "Data", "Data", "{74D9BCBD-C88A-459A-A769-AF0A83811CBD}"
EndProject
Global
	GlobalSection(SolutionConfigurationPlatforms) = preSolution
		Debug|Any CPU = Debug|Any CPU
		Release|Any CPU = Release|Any CPU
	EndGlobalSection
	GlobalSection(ProjectConfigurationPlatforms) = postSolution
		{5865233C-030C-49E5-B387-09DAD8582FA5}.Debug|Any CPU.ActiveCfg = Debug|Any CPU
		{5865233C-030C-49E5-B387-09DAD8582FA5}.Debug|Any CPU.Build.0 = Debug|Any CPU
		{5865233C-030C-49E5-B387-09DAD8582FA5}.Release|Any CPU.ActiveCfg = Release|Any CPU
		{5865233C-030C-49E5-B387-09DAD8582FA5}.Release|Any CPU.Build.0 = Release|Any CPU
		{559DCCDD-8650-47AC-8496-E23A243052D0}.Debug|Any CPU.ActiveCfg = Debug|Any CPU
		{559DCCDD-8650-47AC-8496-E23A243052D0}.Debug|Any CPU.Build.0 = Debug|Any CPU
		{559DCCDD-8650-47AC-8496-E23A243052D0}.Release|Any CPU.ActiveCfg = Release|Any CPU
		{559DCCDD-8650-47AC-8496-E23A243052D0}.Release|Any CPU.Build.0 = Release|Any CPU
		{71C9EC79-0B9C-4822-8572-7A24C100F139}.Debug|Any CPU.ActiveCfg = Debug|Any CPU
		{71C9EC79-0B9C-4822-8572-7A24C100F139}.Debug|Any CPU.Build.0 = Debug|Any CPU
		{71C9EC79-0B9C-4822-8572-7A24C100F139}.Release|Any CPU.ActiveCfg = Release|Any CPU
		{71C9EC79-0B9C-4822-8572-7A24C100F139}.Release|Any CPU.Build.0 = Release|Any CPU
	EndGlobalSection
	GlobalSection(SolutionProperties) = preSolution
		HideSolutionNode = FALSE
	EndGlobalSection
	GlobalSection(NestedProjects) = preSolution
		{5865233C-030C-49E5-B387-09DAD8582FA5} = {2A1D1A34-07CF-49FA-94DF-7DDFC76A9090}
		{559DCCDD-8650-47AC-8496-E23A243052D0} = {479FFA04-EA16-4FF8-9C88-76D168FC8F31}
		{71C9EC79-0B9C-4822-8572-7A24C100F139} = {479FFA04-EA16-4FF8-9C88-76D168FC8F31}
	EndGlobalSection
	GlobalSection(ExtensibilityGlobals) = postSolution
		SolutionGuid = {98B180A8-4C00-4E2E-A99D-F6182819DF91}
	EndGlobalSection
EndGlobal
